// !$*UTF8*$!
{
	archiveVersion = 1;
	classes = {
	};
	objectVersion = 55;
	objects = {

/* Begin PBXBuildFile section */
		69B4040927DAE45E0025889B /* FirebaseTestsApp.swift in Sources */ = {isa = PBXBuildFile; fileRef = 69B4040827DAE45E0025889B /* FirebaseTestsApp.swift */; };
		69B4040B27DAE45E0025889B /* ContentView.swift in Sources */ = {isa = PBXBuildFile; fileRef = 69B4040A27DAE45E0025889B /* ContentView.swift */; };
		69B4040D27DAE45F0025889B /* Assets.xcassets in Resources */ = {isa = PBXBuildFile; fileRef = 69B4040C27DAE45F0025889B /* Assets.xcassets */; };
		69B4041027DAE45F0025889B /* Preview Assets.xcassets in Resources */ = {isa = PBXBuildFile; fileRef = 69B4040F27DAE45F0025889B /* Preview Assets.xcassets */; };
		69B4041727DAE53C0025889B /* GoogleService-Info.plist in Resources */ = {isa = PBXBuildFile; fileRef = 69B4041627DAE53C0025889B /* GoogleService-Info.plist */; };
		69B4041927DAE6F00025889B /* FirebaseFirestoreService.swift in Sources */ = {isa = PBXBuildFile; fileRef = 69B4041827DAE6F00025889B /* FirebaseFirestoreService.swift */; };
		69B4041B27DAE82B0025889B /* ViewModel.swift in Sources */ = {isa = PBXBuildFile; fileRef = 69B4041A27DAE82B0025889B /* ViewModel.swift */; };
		69B4041D27DAE8E80025889B /* MerkleTree.swift in Sources */ = {isa = PBXBuildFile; fileRef = 69B4041C27DAE8E80025889B /* MerkleTree.swift */; };
		F823615610DD0FBB9B823BB6 /* Pods_FirebaseTests.framework in Frameworks */ = {isa = PBXBuildFile; fileRef = B93BCB63B68ACF077B92A977 /* Pods_FirebaseTests.framework */; };
/* End PBXBuildFile section */

/* Begin PBXFileReference section */
		69B4040527DAE45E0025889B /* FirebaseTests.app */ = {isa = PBXFileReference; explicitFileType = wrapper.application; includeInIndex = 0; path = FirebaseTests.app; sourceTree = BUILT_PRODUCTS_DIR; };
		69B4040827DAE45E0025889B /* FirebaseTestsApp.swift */ = {isa = PBXFileReference; lastKnownFileType = sourcecode.swift; path = FirebaseTestsApp.swift; sourceTree = "<group>"; };
		69B4040A27DAE45E0025889B /* ContentView.swift */ = {isa = PBXFileReference; lastKnownFileType = sourcecode.swift; path = ContentView.swift; sourceTree = "<group>"; };
		69B4040C27DAE45F0025889B /* Assets.xcassets */ = {isa = PBXFileReference; lastKnownFileType = folder.assetcatalog; path = Assets.xcassets; sourceTree = "<group>"; };
		69B4040F27DAE45F0025889B /* Preview Assets.xcassets */ = {isa = PBXFileReference; lastKnownFileType = folder.assetcatalog; path = "Preview Assets.xcassets"; sourceTree = "<group>"; };
		69B4041627DAE53C0025889B /* GoogleService-Info.plist */ = {isa = PBXFileReference; fileEncoding = 4; lastKnownFileType = text.plist.xml; path = "GoogleService-Info.plist"; sourceTree = "<group>"; };
		69B4041827DAE6F00025889B /* FirebaseFirestoreService.swift */ = {isa = PBXFileReference; lastKnownFileType = sourcecode.swift; path = FirebaseFirestoreService.swift; sourceTree = "<group>"; };
		69B4041A27DAE82B0025889B /* ViewModel.swift */ = {isa = PBXFileReference; lastKnownFileType = sourcecode.swift; path = ViewModel.swift; sourceTree = "<group>"; };
		69B4041C27DAE8E80025889B /* MerkleTree.swift */ = {isa = PBXFileReference; lastKnownFileType = sourcecode.swift; path = MerkleTree.swift; sourceTree = "<group>"; };
		AC63E98C2E6F7C903D425AF7 /* Pods-FirebaseTests.debug.xcconfig */ = {isa = PBXFileReference; includeInIndex = 1; lastKnownFileType = text.xcconfig; name = "Pods-FirebaseTests.debug.xcconfig"; path = "Target Support Files/Pods-FirebaseTests/Pods-FirebaseTests.debug.xcconfig"; sourceTree = "<group>"; };
		B93BCB63B68ACF077B92A977 /* Pods_FirebaseTests.framework */ = {isa = PBXFileReference; explicitFileType = wrapper.framework; includeInIndex = 0; path = Pods_FirebaseTests.framework; sourceTree = BUILT_PRODUCTS_DIR; };
		EA1AE5E6E19084232018C209 /* Pods-FirebaseTests.release.xcconfig */ = {isa = PBXFileReference; includeInIndex = 1; lastKnownFileType = text.xcconfig; name = "Pods-FirebaseTests.release.xcconfig"; path = "Target Support Files/Pods-FirebaseTests/Pods-FirebaseTests.release.xcconfig"; sourceTree = "<group>"; };
/* End PBXFileReference section */

/* Begin PBXFrameworksBuildPhase section */
		69B4040227DAE45E0025889B /* Frameworks */ = {
			isa = PBXFrameworksBuildPhase;
			buildActionMask = 2147483647;
			files = (
				F823615610DD0FBB9B823BB6 /* Pods_FirebaseTests.framework in Frameworks */,
			);
			runOnlyForDeploymentPostprocessing = 0;
		};
/* End PBXFrameworksBuildPhase section */

/* Begin PBXGroup section */
		69B403FC27DAE45E0025889B = {
			isa = PBXGroup;
			children = (
				69B4040727DAE45E0025889B /* FirebaseTests */,
				69B4040627DAE45E0025889B /* Products */,
				8A2A8315AA204E1C4E80EAC3 /* Pods */,
				A3B468856573468691A61D85 /* Frameworks */,
			);
			sourceTree = "<group>";
		};
		69B4040627DAE45E0025889B /* Products */ = {
			isa = PBXGroup;
			children = (
				69B4040527DAE45E0025889B /* FirebaseTests.app */,
			);
			name = Products;
			sourceTree = "<group>";
		};
		69B4040727DAE45E0025889B /* FirebaseTests */ = {
			isa = PBXGroup;
			children = (
				69B4041E27DAE8F60025889B /* View */,
				69B4042027DAE9010025889B /* ViewModel */,
				69B4041F27DAE8FC0025889B /* Model */,
				69B4042127DAE9070025889B /* Services */,
				69B4040C27DAE45F0025889B /* Assets.xcassets */,
				69B4041627DAE53C0025889B /* GoogleService-Info.plist */,
				69B4040E27DAE45F0025889B /* Preview Content */,
			);
			path = FirebaseTests;
			sourceTree = "<group>";
		};
		69B4040E27DAE45F0025889B /* Preview Content */ = {
			isa = PBXGroup;
			children = (
				69B4040F27DAE45F0025889B /* Preview Assets.xcassets */,
			);
			path = "Preview Content";
			sourceTree = "<group>";
		};
		69B4041E27DAE8F60025889B /* View */ = {
			isa = PBXGroup;
			children = (
				69B4040827DAE45E0025889B /* FirebaseTestsApp.swift */,
				69B4040A27DAE45E0025889B /* ContentView.swift */,
			);
			path = View;
			sourceTree = "<group>";
		};
		69B4041F27DAE8FC0025889B /* Model */ = {
			isa = PBXGroup;
			children = (
				69B4041C27DAE8E80025889B /* MerkleTree.swift */,
			);
			path = Model;
			sourceTree = "<group>";
		};
		69B4042027DAE9010025889B /* ViewModel */ = {
			isa = PBXGroup;
			children = (
				69B4041A27DAE82B0025889B /* ViewModel.swift */,
			);
			path = ViewModel;
			sourceTree = "<group>";
		};
		69B4042127DAE9070025889B /* Services */ = {
			isa = PBXGroup;
			children = (
				69B4041827DAE6F00025889B /* FirebaseFirestoreService.swift */,
			);
			path = Services;
			sourceTree = "<group>";
		};
		8A2A8315AA204E1C4E80EAC3 /* Pods */ = {
			isa = PBXGroup;
			children = (
				AC63E98C2E6F7C903D425AF7 /* Pods-FirebaseTests.debug.xcconfig */,
				EA1AE5E6E19084232018C209 /* Pods-FirebaseTests.release.xcconfig */,
			);
			path = Pods;
			sourceTree = "<group>";
		};
		A3B468856573468691A61D85 /* Frameworks */ = {
			isa = PBXGroup;
			children = (
				B93BCB63B68ACF077B92A977 /* Pods_FirebaseTests.framework */,
			);
			name = Frameworks;
			sourceTree = "<group>";
		};
/* End PBXGroup section */

/* Begin PBXNativeTarget section */
		69B4040427DAE45E0025889B /* FirebaseTests */ = {
			isa = PBXNativeTarget;
			buildConfigurationList = 69B4041327DAE45F0025889B /* Build configuration list for PBXNativeTarget "FirebaseTests" */;
			buildPhases = (
				0B718AF098292E13CBB839D4 /* [CP] Check Pods Manifest.lock */,
				69B4040127DAE45E0025889B /* Sources */,
				69B4040227DAE45E0025889B /* Frameworks */,
				69B4040327DAE45E0025889B /* Resources */,
				F6075AFC5ECDD4D16E3E69A0 /* [CP] Embed Pods Frameworks */,
			);
			buildRules = (
			);
			dependencies = (
			);
			name = FirebaseTests;
			productName = FirebaseTests;
			productReference = 69B4040527DAE45E0025889B /* FirebaseTests.app */;
			productType = "com.apple.product-type.application";
		};
/* End PBXNativeTarget section */

/* Begin PBXProject section */
		69B403FD27DAE45E0025889B /* Project object */ = {
			isa = PBXProject;
			attributes = {
				BuildIndependentTargetsInParallel = 1;
				LastSwiftUpdateCheck = 1320;
				LastUpgradeCheck = 1320;
				TargetAttributes = {
					69B4040427DAE45E0025889B = {
						CreatedOnToolsVersion = 13.2.1;
					};
				};
			};
			buildConfigurationList = 69B4040027DAE45E0025889B /* Build configuration list for PBXProject "FirebaseTests" */;
			compatibilityVersion = "Xcode 13.0";
			developmentRegion = en;
			hasScannedForEncodings = 0;
			knownRegions = (
				en,
				Base,
			);
			mainGroup = 69B403FC27DAE45E0025889B;
			productRefGroup = 69B4040627DAE45E0025889B /* Products */;
			projectDirPath = "";
			projectRoot = "";
			targets = (
				69B4040427DAE45E0025889B /* FirebaseTests */,
			);
		};
/* End PBXProject section */

/* Begin PBXResourcesBuildPhase section */
		69B4040327DAE45E0025889B /* Resources */ = {
			isa = PBXResourcesBuildPhase;
			buildActionMask = 2147483647;
			files = (
				69B4041727DAE53C0025889B /* GoogleService-Info.plist in Resources */,
				69B4041027DAE45F0025889B /* Preview Assets.xcassets in Resources */,
				69B4040D27DAE45F0025889B /* Assets.xcassets in Resources */,
			);
			runOnlyForDeploymentPostprocessing = 0;
		};
/* End PBXResourcesBuildPhase section */

/* Begin PBXShellScriptBuildPhase section */
		0B718AF098292E13CBB839D4 /* [CP] Check Pods Manifest.lock */ = {
			isa = PBXShellScriptBuildPhase;
			buildActionMask = 2147483647;
			files = (
			);
			inputFileListPaths = (
			);
			inputPaths = (
				"${PODS_PODFILE_DIR_PATH}/Podfile.lock",
				"${PODS_ROOT}/Manifest.lock",
			);
			name = "[CP] Check Pods Manifest.lock";
			outputFileListPaths = (
			);
			outputPaths = (
				"$(DERIVED_FILE_DIR)/Pods-FirebaseTests-checkManifestLockResult.txt",
			);
			runOnlyForDeploymentPostprocessing = 0;
			shellPath = /bin/sh;
			shellScript = "diff \"${PODS_PODFILE_DIR_PATH}/Podfile.lock\" \"${PODS_ROOT}/Manifest.lock\" > /dev/null\nif [ $? != 0 ] ; then\n    # print error to STDERR\n    echo \"error: The sandbox is not in sync with the Podfile.lock. Run 'pod install' or update your CocoaPods installation.\" >&2\n    exit 1\nfi\n# This output is used by Xcode 'outputs' to avoid re-running this script phase.\necho \"SUCCESS\" > \"${SCRIPT_OUTPUT_FILE_0}\"\n";
			showEnvVarsInLog = 0;
		};
		F6075AFC5ECDD4D16E3E69A0 /* [CP] Embed Pods Frameworks */ = {
			isa = PBXShellScriptBuildPhase;
			buildActionMask = 2147483647;
			files = (
			);
			inputFileListPaths = (
				"${PODS_ROOT}/Target Support Files/Pods-FirebaseTests/Pods-FirebaseTests-frameworks-${CONFIGURATION}-input-files.xcfilelist",
			);
			name = "[CP] Embed Pods Frameworks";
			outputFileListPaths = (
				"${PODS_ROOT}/Target Support Files/Pods-FirebaseTests/Pods-FirebaseTests-frameworks-${CONFIGURATION}-output-files.xcfilelist",
			);
			runOnlyForDeploymentPostprocessing = 0;
			shellPath = /bin/sh;
			shellScript = "\"${PODS_ROOT}/Target Support Files/Pods-FirebaseTests/Pods-FirebaseTests-frameworks.sh\"\n";
			showEnvVarsInLog = 0;
		};
/* End PBXShellScriptBuildPhase section */

/* Begin PBXSourcesBuildPhase section */
		69B4040127DAE45E0025889B /* Sources */ = {
			isa = PBXSourcesBuildPhase;
			buildActionMask = 2147483647;
			files = (
				69B4040B27DAE45E0025889B /* ContentView.swift in Sources */,
				69B4041927DAE6F00025889B /* FirebaseFirestoreService.swift in Sources */,
				69B4041B27DAE82B0025889B /* ViewModel.swift in Sources */,
				69B4040927DAE45E0025889B /* FirebaseTestsApp.swift in Sources */,
				69B4041D27DAE8E80025889B /* MerkleTree.swift in Sources */,
			);
			runOnlyForDeploymentPostprocessing = 0;
		};
/* End PBXSourcesBuildPhase section */

/* Begin XCBuildConfiguration section */
		69B4041127DAE45F0025889B /* Debug */ = {
			isa = XCBuildConfiguration;
			buildSettings = {
				ALWAYS_SEARCH_USER_PATHS = NO;
				CLANG_ANALYZER_NONNULL = YES;
				CLANG_ANALYZER_NUMBER_OBJECT_CONVERSION = YES_AGGRESSIVE;
				CLANG_CXX_LANGUAGE_STANDARD = "gnu++17";
				CLANG_CXX_LIBRARY = "libc++";
				CLANG_ENABLE_MODULES = YES;
				CLANG_ENABLE_OBJC_ARC = YES;
				CLANG_ENABLE_OBJC_WEAK = YES;
				CLANG_WARN_BLOCK_CAPTURE_AUTORELEASING = YES;
				CLANG_WARN_BOOL_CONVERSION = YES;
				CLANG_WARN_COMMA = YES;
				CLANG_WARN_CONSTANT_CONVERSION = YES;
				CLANG_WARN_DEPRECATED_OBJC_IMPLEMENTATIONS = YES;
				CLANG_WARN_DIRECT_OBJC_ISA_USAGE = YES_ERROR;
				CLANG_WARN_DOCUMENTATION_COMMENTS = YES;
				CLANG_WARN_EMPTY_BODY = YES;
				CLANG_WARN_ENUM_CONVERSION = YES;
				CLANG_WARN_INFINITE_RECURSION = YES;
				CLANG_WARN_INT_CONVERSION = YES;
				CLANG_WARN_NON_LITERAL_NULL_CONVERSION = YES;
				CLANG_WARN_OBJC_IMPLICIT_RETAIN_SELF = YES;
				CLANG_WARN_OBJC_LITERAL_CONVERSION = YES;
				CLANG_WARN_OBJC_ROOT_CLASS = YES_ERROR;
				CLANG_WARN_QUOTED_INCLUDE_IN_FRAMEWORK_HEADER = YES;
				CLANG_WARN_RANGE_LOOP_ANALYSIS = YES;
				CLANG_WARN_STRICT_PROTOTYPES = YES;
				CLANG_WARN_SUSPICIOUS_MOVE = YES;
				CLANG_WARN_UNGUARDED_AVAILABILITY = YES_AGGRESSIVE;
				CLANG_WARN_UNREACHABLE_CODE = YES;
				CLANG_WARN__DUPLICATE_METHOD_MATCH = YES;
				COPY_PHASE_STRIP = NO;
				DEBUG_INFORMATION_FORMAT = dwarf;
				ENABLE_STRICT_OBJC_MSGSEND = YES;
				ENABLE_TESTABILITY = YES;
				GCC_C_LANGUAGE_STANDARD = gnu11;
				GCC_DYNAMIC_NO_PIC = NO;
				GCC_NO_COMMON_BLOCKS = YES;
				GCC_OPTIMIZATION_LEVEL = 0;
				GCC_PREPROCESSOR_DEFINITIONS = (
					"DEBUG=1",
					"$(inherited)",
				);
				GCC_WARN_64_TO_32_BIT_CONVERSION = YES;
				GCC_WARN_ABOUT_RETURN_TYPE = YES_ERROR;
				GCC_WARN_UNDECLARED_SELECTOR = YES;
				GCC_WARN_UNINITIALIZED_AUTOS = YES_AGGRESSIVE;
				GCC_WARN_UNUSED_FUNCTION = YES;
				GCC_WARN_UNUSED_VARIABLE = YES;
				IPHONEOS_DEPLOYMENT_TARGET = 15.2;
				MTL_ENABLE_DEBUG_INFO = INCLUDE_SOURCE;
				MTL_FAST_MATH = YES;
				ONLY_ACTIVE_ARCH = YES;
				SDKROOT = iphoneos;
				SWIFT_ACTIVE_COMPILATION_CONDITIONS = DEBUG;
				SWIFT_OPTIMIZATION_LEVEL = "-Onone";
			};
			name = Debug;
		};
		69B4041227DAE45F0025889B /* Release */ = {
			isa = XCBuildConfiguration;
			buildSettings = {
				ALWAYS_SEARCH_USER_PATHS = NO;
				CLANG_ANALYZER_NONNULL = YES;
				CLANG_ANALYZER_NUMBER_OBJECT_CONVERSION = YES_AGGRESSIVE;
				CLANG_CXX_LANGUAGE_STANDARD = "gnu++17";
				CLANG_CXX_LIBRARY = "libc++";
				CLANG_ENABLE_MODULES = YES;
				CLANG_ENABLE_OBJC_ARC = YES;
				CLANG_ENABLE_OBJC_WEAK = YES;
				CLANG_WARN_BLOCK_CAPTURE_AUTORELEASING = YES;
				CLANG_WARN_BOOL_CONVERSION = YES;
				CLANG_WARN_COMMA = YES;
				CLANG_WARN_CONSTANT_CONVERSION = YES;
				CLANG_WARN_DEPRECATED_OBJC_IMPLEMENTATIONS = YES;
				CLANG_WARN_DIRECT_OBJC_ISA_USAGE = YES_ERROR;
				CLANG_WARN_DOCUMENTATION_COMMENTS = YES;
				CLANG_WARN_EMPTY_BODY = YES;
				CLANG_WARN_ENUM_CONVERSION = YES;
				CLANG_WARN_INFINITE_RECURSION = YES;
				CLANG_WARN_INT_CONVERSION = YES;
				CLANG_WARN_NON_LITERAL_NULL_CONVERSION = YES;
				CLANG_WARN_OBJC_IMPLICIT_RETAIN_SELF = YES;
				CLANG_WARN_OBJC_LITERAL_CONVERSION = YES;
				CLANG_WARN_OBJC_ROOT_CLASS = YES_ERROR;
				CLANG_WARN_QUOTED_INCLUDE_IN_FRAMEWORK_HEADER = YES;
				CLANG_WARN_RANGE_LOOP_ANALYSIS = YES;
				CLANG_WARN_STRICT_PROTOTYPES = YES;
				CLANG_WARN_SUSPICIOUS_MOVE = YES;
				CLANG_WARN_UNGUARDED_AVAILABILITY = YES_AGGRESSIVE;
				CLANG_WARN_UNREACHABLE_CODE = YES;
				CLANG_WARN__DUPLICATE_METHOD_MATCH = YES;
				COPY_PHASE_STRIP = NO;
				DEBUG_INFORMATION_FORMAT = "dwarf-with-dsym";
				ENABLE_NS_ASSERTIONS = NO;
				ENABLE_STRICT_OBJC_MSGSEND = YES;
				GCC_C_LANGUAGE_STANDARD = gnu11;
				GCC_NO_COMMON_BLOCKS = YES;
				GCC_WARN_64_TO_32_BIT_CONVERSION = YES;
				GCC_WARN_ABOUT_RETURN_TYPE = YES_ERROR;
				GCC_WARN_UNDECLARED_SELECTOR = YES;
				GCC_WARN_UNINITIALIZED_AUTOS = YES_AGGRESSIVE;
				GCC_WARN_UNUSED_FUNCTION = YES;
				GCC_WARN_UNUSED_VARIABLE = YES;
				IPHONEOS_DEPLOYMENT_TARGET = 15.2;
				MTL_ENABLE_DEBUG_INFO = NO;
				MTL_FAST_MATH = YES;
				SDKROOT = iphoneos;
				SWIFT_COMPILATION_MODE = wholemodule;
				SWIFT_OPTIMIZATION_LEVEL = "-O";
				VALIDATE_PRODUCT = YES;
			};
			name = Release;
		};
		69B4041427DAE45F0025889B /* Debug */ = {
			isa = XCBuildConfiguration;
			baseConfigurationReference = AC63E98C2E6F7C903D425AF7 /* Pods-FirebaseTests.debug.xcconfig */;
			buildSettings = {
				ASSETCATALOG_COMPILER_APPICON_NAME = AppIcon;
				ASSETCATALOG_COMPILER_GLOBAL_ACCENT_COLOR_NAME = AccentColor;
				CODE_SIGN_STYLE = Automatic;
				CURRENT_PROJECT_VERSION = 1;
				DEVELOPMENT_ASSET_PATHS = "\"FirebaseTests/Preview Content\"";
				DEVELOPMENT_TEAM = S8PZT6F65T;
				ENABLE_PREVIEWS = YES;
				GENERATE_INFOPLIST_FILE = YES;
				INFOPLIST_KEY_UIApplicationSceneManifest_Generation = YES;
				INFOPLIST_KEY_UIApplicationSupportsIndirectInputEvents = YES;
				INFOPLIST_KEY_UILaunchScreen_Generation = YES;
				INFOPLIST_KEY_UISupportedInterfaceOrientations_iPad = "UIInterfaceOrientationPortrait UIInterfaceOrientationPortraitUpsideDown UIInterfaceOrientationLandscapeLeft UIInterfaceOrientationLandscapeRight";
				INFOPLIST_KEY_UISupportedInterfaceOrientations_iPhone = "UIInterfaceOrientationPortrait UIInterfaceOrientationLandscapeLeft UIInterfaceOrientationLandscapeRight";
				IPHONEOS_DEPLOYMENT_TARGET = 15.0;
				LD_RUNPATH_SEARCH_PATHS = (
					"$(inherited)",
					"@executable_path/Frameworks",
				);
				MARKETING_VERSION = 1.0;
				PRODUCT_BUNDLE_IDENTIFIER = com.TrevorSchmidt.FirebaseTests;
				PRODUCT_NAME = "$(TARGET_NAME)";
				SWIFT_EMIT_LOC_STRINGS = YES;
				SWIFT_VERSION = 5.0;
				TARGETED_DEVICE_FAMILY = "1,2";
			};
			name = Debug;
		};
		69B4041527DAE45F0025889B /* Release */ = {
			isa = XCBuildConfiguration;
			baseConfigurationReference = EA1AE5E6E19084232018C209 /* Pods-FirebaseTests.release.xcconfig */;
			buildSettings = {
				ASSETCATALOG_COMPILER_APPICON_NAME = AppIcon;
				ASSETCATALOG_COMPILER_GLOBAL_ACCENT_COLOR_NAME = AccentColor;
				CODE_SIGN_STYLE = Automatic;
				CURRENT_PROJECT_VERSION = 1;
				DEVELOPMENT_ASSET_PATHS = "\"FirebaseTests/Preview Content\"";
				DEVELOPMENT_TEAM = S8PZT6F65T;
				ENABLE_PREVIEWS = YES;
				GENERATE_INFOPLIST_FILE = YES;
				INFOPLIST_KEY_UIApplicationSceneManifest_Generation = YES;
				INFOPLIST_KEY_UIApplicationSupportsIndirectInputEvents = YES;
				INFOPLIST_KEY_UILaunchScreen_Generation = YES;
				INFOPLIST_KEY_UISupportedInterfaceOrientations_iPad = "UIInterfaceOrientationPortrait UIInterfaceOrientationPortraitUpsideDown UIInterfaceOrientationLandscapeLeft UIInterfaceOrientationLandscapeRight";
				INFOPLIST_KEY_UISupportedInterfaceOrientations_iPhone = "UIInterfaceOrientationPortrait UIInterfaceOrientationLandscapeLeft UIInterfaceOrientationLandscapeRight";
				IPHONEOS_DEPLOYMENT_TARGET = 15.0;
				LD_RUNPATH_SEARCH_PATHS = (
					"$(inherited)",
					"@executable_path/Frameworks",
				);
				MARKETING_VERSION = 1.0;
				PRODUCT_BUNDLE_IDENTIFIER = com.TrevorSchmidt.FirebaseTests;
				PRODUCT_NAME = "$(TARGET_NAME)";
				SWIFT_EMIT_LOC_STRINGS = YES;
				SWIFT_VERSION = 5.0;
				TARGETED_DEVICE_FAMILY = "1,2";
			};
			name = Release;
		};
/* End XCBuildConfiguration section */

/* Begin XCConfigurationList section */
		69B4040027DAE45E0025889B /* Build configuration list for PBXProject "FirebaseTests" */ = {
			isa = XCConfigurationList;
			buildConfigurations = (
				69B4041127DAE45F0025889B /* Debug */,
				69B4041227DAE45F0025889B /* Release */,
			);
			defaultConfigurationIsVisible = 0;
			defaultConfigurationName = Release;
		};
		69B4041327DAE45F0025889B /* Build configuration list for PBXNativeTarget "FirebaseTests" */ = {
			isa = XCConfigurationList;
			buildConfigurations = (
				69B4041427DAE45F0025889B /* Debug */,
				69B4041527DAE45F0025889B /* Release */,
			);
			defaultConfigurationIsVisible = 0;
			defaultConfigurationName = Release;
		};
/* End XCConfigurationList section */
	};
	rootObject = 69B403FD27DAE45E0025889B /* Project object */;
}
